// !$*UTF8*$!
{
	archiveVersion = 1;
	classes = {
	};
	objectVersion = 56;
	objects = {

/* Begin PBXBuildFile section */
		930DD0F22D4D1ECA00BFA015 /* KakaoSDK in Frameworks */ = {isa = PBXBuildFile; productRef = 930DD0F12D4D1ECA00BFA015 /* KakaoSDK */; };
		930DD0F62D4D3E2800BFA015 /* User.swift in Sources */ = {isa = PBXBuildFile; fileRef = 930DD0F52D4D3E2800BFA015 /* User.swift */; };
		931297A12D55DE0F00E44AF3 /* DataModel.swift in Sources */ = {isa = PBXBuildFile; fileRef = 931297A02D55DE0F00E44AF3 /* DataModel.swift */; };
		931297A72D5726B600E44AF3 /* InitialBottomSheet.swift in Sources */ = {isa = PBXBuildFile; fileRef = 931297A62D5726B600E44AF3 /* InitialBottomSheet.swift */; };
		931297A92D572C5700E44AF3 /* View+Extensions.swift in Sources */ = {isa = PBXBuildFile; fileRef = 931297A82D572C5700E44AF3 /* View+Extensions.swift */; };
		9338F25D2D59A577009B151B /* Spliter.swift in Sources */ = {isa = PBXBuildFile; fileRef = 9338F25C2D59A577009B151B /* Spliter.swift */; };
		9338F25F2D59A976009B151B /* RestaurantDetailBottomSheet.swift in Sources */ = {isa = PBXBuildFile; fileRef = 9338F25E2D59A976009B151B /* RestaurantDetailBottomSheet.swift */; };
		9338F2612D59AACA009B151B /* ReviewView.swift in Sources */ = {isa = PBXBuildFile; fileRef = 9338F2602D59AACA009B151B /* ReviewView.swift */; };
		9338F2642D59B197009B151B /* NMapsMap in Frameworks */ = {isa = PBXBuildFile; productRef = 9338F2632D59B197009B151B /* NMapsMap */; };
		9338F2662D59B25E009B151B /* NaverMapView.swift in Sources */ = {isa = PBXBuildFile; fileRef = 9338F2652D59B25E009B151B /* NaverMapView.swift */; };
		9338F2692D59CC42009B151B /* MVPoverlay.swift in Sources */ = {isa = PBXBuildFile; fileRef = 9338F2682D59CC42009B151B /* MVPoverlay.swift */; };
		935BEFD82D57741600DAAA07 /* HomeHeader.swift in Sources */ = {isa = PBXBuildFile; fileRef = 935BEFD72D57741600DAAA07 /* HomeHeader.swift */; };
		935BEFDA2D57749200DAAA07 /* HomeBanner.swift in Sources */ = {isa = PBXBuildFile; fileRef = 935BEFD92D57749200DAAA07 /* HomeBanner.swift */; };
		935BEFDC2D5774F300DAAA07 /* HomeRestaurantList.swift in Sources */ = {isa = PBXBuildFile; fileRef = 935BEFDB2D5774F300DAAA07 /* HomeRestaurantList.swift */; };
		935BEFDF2D57756A00DAAA07 /* RestaurantListRanking.swift in Sources */ = {isa = PBXBuildFile; fileRef = 935BEFDE2D57756A00DAAA07 /* RestaurantListRanking.swift */; };
		935BEFE12D57759800DAAA07 /* RestaurantOfToday.swift in Sources */ = {isa = PBXBuildFile; fileRef = 935BEFE02D57759800DAAA07 /* RestaurantOfToday.swift */; };
		935BEFE32D5775BA00DAAA07 /* RestaurantRecommendation.swift in Sources */ = {isa = PBXBuildFile; fileRef = 935BEFE22D5775BA00DAAA07 /* RestaurantRecommendation.swift */; };
		935BEFE62D5776BB00DAAA07 /* SearchBar.swift in Sources */ = {isa = PBXBuildFile; fileRef = 935BEFE52D5776BB00DAAA07 /* SearchBar.swift */; };
		935BEFE82D5776ED00DAAA07 /* RecentlySearchedResult.swift in Sources */ = {isa = PBXBuildFile; fileRef = 935BEFE72D5776ED00DAAA07 /* RecentlySearchedResult.swift */; };
		935BEFEA2D5778DE00DAAA07 /* LiveSearchRanking.swift in Sources */ = {isa = PBXBuildFile; fileRef = 935BEFE92D5778DE00DAAA07 /* LiveSearchRanking.swift */; };
		935BEFED2D577AEC00DAAA07 /* SubstractHeader.swift in Sources */ = {isa = PBXBuildFile; fileRef = 935BEFEC2D577AEC00DAAA07 /* SubstractHeader.swift */; };
		935BEFEF2D577C7C00DAAA07 /* CustomModifier.swift in Sources */ = {isa = PBXBuildFile; fileRef = 935BEFEE2D577C7C00DAAA07 /* CustomModifier.swift */; };
		935BEFF12D577DDE00DAAA07 /* SubstractBanner.swift in Sources */ = {isa = PBXBuildFile; fileRef = 935BEFF02D577DDE00DAAA07 /* SubstractBanner.swift */; };
		935BEFF32D577E1000DAAA07 /* SubstractRestaurantList.swift in Sources */ = {isa = PBXBuildFile; fileRef = 935BEFF22D577E1000DAAA07 /* SubstractRestaurantList.swift */; };
		935BEFF62D57805000DAAA07 /* MyPageHeader.swift in Sources */ = {isa = PBXBuildFile; fileRef = 935BEFF52D57805000DAAA07 /* MyPageHeader.swift */; };
		935BEFF82D57805A00DAAA07 /* MyPageLogin.swift in Sources */ = {isa = PBXBuildFile; fileRef = 935BEFF72D57805A00DAAA07 /* MyPageLogin.swift */; };
		935BEFFA2D57810600DAAA07 /* MyPageDecibel.swift in Sources */ = {isa = PBXBuildFile; fileRef = 935BEFF92D57810600DAAA07 /* MyPageDecibel.swift */; };
		935BEFFC2D57816400DAAA07 /* MyPageReview.swift in Sources */ = {isa = PBXBuildFile; fileRef = 935BEFFB2D57816400DAAA07 /* MyPageReview.swift */; };
		935BEFFE2D5781A900DAAA07 /* MyPageCSCenter.swift in Sources */ = {isa = PBXBuildFile; fileRef = 935BEFFD2D5781A900DAAA07 /* MyPageCSCenter.swift */; };
		935BF0002D5781E000DAAA07 /* MyPageEtc.swift in Sources */ = {isa = PBXBuildFile; fileRef = 935BEFFF2D5781E000DAAA07 /* MyPageEtc.swift */; };
		935BF0032D578E9800DAAA07 /* MyPageBottomSheet.swift in Sources */ = {isa = PBXBuildFile; fileRef = 935BF0022D578E9800DAAA07 /* MyPageBottomSheet.swift */; };
		935BF0052D578EFE00DAAA07 /* RestaurantDetailView.swift in Sources */ = {isa = PBXBuildFile; fileRef = 935BF0042D578EFE00DAAA07 /* RestaurantDetailView.swift */; };
		935BF0072D578F4E00DAAA07 /* Restaurant.swift in Sources */ = {isa = PBXBuildFile; fileRef = 935BF0062D578F4E00DAAA07 /* Restaurant.swift */; };
		935BF0092D57944A00DAAA07 /* Menu.swift in Sources */ = {isa = PBXBuildFile; fileRef = 935BF0082D57944A00DAAA07 /* Menu.swift */; };
		935BF00B2D57988A00DAAA07 /* Review.swift in Sources */ = {isa = PBXBuildFile; fileRef = 935BF00A2D57988A00DAAA07 /* Review.swift */; };
		935BF00E2D57A11900DAAA07 /* Opinions.swift in Sources */ = {isa = PBXBuildFile; fileRef = 935BF00D2D57A11900DAAA07 /* Opinions.swift */; };
		935BF0102D57A12200DAAA07 /* BestMenu.swift in Sources */ = {isa = PBXBuildFile; fileRef = 935BF00F2D57A12200DAAA07 /* BestMenu.swift */; };
		935BF0122D57A12A00DAAA07 /* Menus.swift in Sources */ = {isa = PBXBuildFile; fileRef = 935BF0112D57A12900DAAA07 /* Menus.swift */; };
		935BF0142D57A22B00DAAA07 /* Reviews.swift in Sources */ = {isa = PBXBuildFile; fileRef = 935BF0132D57A22B00DAAA07 /* Reviews.swift */; };
		935BF0162D57A33E00DAAA07 /* Report.swift in Sources */ = {isa = PBXBuildFile; fileRef = 935BF0152D57A33E00DAAA07 /* Report.swift */; };
		935BF0182D57A39200DAAA07 /* RestaurantInfo.swift in Sources */ = {isa = PBXBuildFile; fileRef = 935BF0172D57A39200DAAA07 /* RestaurantInfo.swift */; };
		935BF01A2D57BF6A00DAAA07 /* RestaurantDetailHeader.swift in Sources */ = {isa = PBXBuildFile; fileRef = 935BF0192D57BF6A00DAAA07 /* RestaurantDetailHeader.swift */; };
		9385211C2D4BABA5009C9B71 /* NavigationManager.swift in Sources */ = {isa = PBXBuildFile; fileRef = 9385211B2D4BABA5009C9B71 /* NavigationManager.swift */; };
		938521202D4BB566009C9B71 /* AlarmView.swift in Sources */ = {isa = PBXBuildFile; fileRef = 9385211F2D4BB566009C9B71 /* AlarmView.swift */; };
		93867C1D2D5739B100C5EA62 /* HomeBottomSheet.swift in Sources */ = {isa = PBXBuildFile; fileRef = 93867C1C2D5739B100C5EA62 /* HomeBottomSheet.swift */; };
		9389FC552D32ACE60092F336 /* InitialView.swift in Sources */ = {isa = PBXBuildFile; fileRef = 9389FC542D32ACE60092F336 /* InitialView.swift */; };
		9389FC572D32AD2D0092F336 /* SignUpView.swift in Sources */ = {isa = PBXBuildFile; fileRef = 9389FC562D32AD2D0092F336 /* SignUpView.swift */; };
		938B7B942D32C34C009B2CE8 /* PretendardVariable.ttf in Resources */ = {isa = PBXBuildFile; fileRef = 938B7B932D32C34C009B2CE8 /* PretendardVariable.ttf */; };
		938B7B9D2D32C48C009B2CE8 /* TheJamsilThin.otf in Resources */ = {isa = PBXBuildFile; fileRef = 938B7B962D32C48C009B2CE8 /* TheJamsilThin.otf */; };
		938B7B9E2D32C48C009B2CE8 /* TheJamsilLight.otf in Resources */ = {isa = PBXBuildFile; fileRef = 938B7B972D32C48C009B2CE8 /* TheJamsilLight.otf */; };
		938B7B9F2D32C48C009B2CE8 /* TheJamsilRegular.otf in Resources */ = {isa = PBXBuildFile; fileRef = 938B7B982D32C48C009B2CE8 /* TheJamsilRegular.otf */; };
		938B7BA02D32C48C009B2CE8 /* TheJamsilMedium.otf in Resources */ = {isa = PBXBuildFile; fileRef = 938B7B992D32C48C009B2CE8 /* TheJamsilMedium.otf */; };
		938B7BA12D32C48C009B2CE8 /* TheJamsilBold.otf in Resources */ = {isa = PBXBuildFile; fileRef = 938B7B9A2D32C48C009B2CE8 /* TheJamsilBold.otf */; };
		938B7BA22D32C48C009B2CE8 /* TheJamsilExtraBold.otf in Resources */ = {isa = PBXBuildFile; fileRef = 938B7B9B2D32C48C009B2CE8 /* TheJamsilExtraBold.otf */; };
		938B7BA62D32C72C009B2CE8 /* Font+Extension.swift in Sources */ = {isa = PBXBuildFile; fileRef = 938B7BA52D32C72C009B2CE8 /* Font+Extension.swift */; };
		93A9E3442D4BC5AC0000E349 /* AlarmContentView.swift in Sources */ = {isa = PBXBuildFile; fileRef = 93A9E3432D4BC5AC0000E349 /* AlarmContentView.swift */; };
		93A9E34B2D4C031B0000E349 /* Enums.swift in Sources */ = {isa = PBXBuildFile; fileRef = 93A9E34A2D4C031B0000E349 /* Enums.swift */; };
		93A9E34D2D4C03B90000E349 /* Constants.swift in Sources */ = {isa = PBXBuildFile; fileRef = 93A9E34C2D4C03B90000E349 /* Constants.swift */; };
		93A9E34F2D4D0B270000E349 /* SearchedShop.swift in Sources */ = {isa = PBXBuildFile; fileRef = 93A9E34E2D4D0B270000E349 /* SearchedShop.swift */; };
		93B434932D328ECC0087C3ED /* QuackApp.swift in Sources */ = {isa = PBXBuildFile; fileRef = 93B434922D328ECC0087C3ED /* QuackApp.swift */; };
		93B434952D328ECC0087C3ED /* ContentView.swift in Sources */ = {isa = PBXBuildFile; fileRef = 93B434942D328ECC0087C3ED /* ContentView.swift */; };
		93B434992D328ECD0087C3ED /* Assets.xcassets in Resources */ = {isa = PBXBuildFile; fileRef = 93B434982D328ECD0087C3ED /* Assets.xcassets */; };
		93B4349C2D328ECD0087C3ED /* Preview Assets.xcassets in Resources */ = {isa = PBXBuildFile; fileRef = 93B4349B2D328ECD0087C3ED /* Preview Assets.xcassets */; };
		93B434A62D328ECE0087C3ED /* QuackTests.swift in Sources */ = {isa = PBXBuildFile; fileRef = 93B434A52D328ECE0087C3ED /* QuackTests.swift */; };
		93B434B02D328ECE0087C3ED /* QuackUITests.swift in Sources */ = {isa = PBXBuildFile; fileRef = 93B434AF2D328ECE0087C3ED /* QuackUITests.swift */; };
		93B434B22D328ECE0087C3ED /* QuackUITestsLaunchTests.swift in Sources */ = {isa = PBXBuildFile; fileRef = 93B434B12D328ECE0087C3ED /* QuackUITestsLaunchTests.swift */; };
		93DD282C2D34D4C300C111E8 /* Color+Extension.swift in Sources */ = {isa = PBXBuildFile; fileRef = 93DD282B2D34D4C300C111E8 /* Color+Extension.swift */; };
		FE05A7492D3D20EE0078E498 /* HomeView.swift in Sources */ = {isa = PBXBuildFile; fileRef = FE05A7482D3D20EE0078E498 /* HomeView.swift */; };
		FE05A74B2D3D2E400078E498 /* TabBarView.swift in Sources */ = {isa = PBXBuildFile; fileRef = FE05A74A2D3D2E400078E498 /* TabBarView.swift */; };
		FE05A74D2D3D319D0078E498 /* SearchView.swift in Sources */ = {isa = PBXBuildFile; fileRef = FE05A74C2D3D319D0078E498 /* SearchView.swift */; };
		FE05A74F2D3D32970078E498 /* SubstractView.swift in Sources */ = {isa = PBXBuildFile; fileRef = FE05A74E2D3D32970078E498 /* SubstractView.swift */; };
		FE05A7512D3D329F0078E498 /* MyPageView.swift in Sources */ = {isa = PBXBuildFile; fileRef = FE05A7502D3D329F0078E498 /* MyPageView.swift */; };
/* End PBXBuildFile section */

/* Begin PBXContainerItemProxy section */
		93B434A22D328ECE0087C3ED /* PBXContainerItemProxy */ = {
			isa = PBXContainerItemProxy;
			containerPortal = 93B434872D328ECC0087C3ED /* Project object */;
			proxyType = 1;
			remoteGlobalIDString = 93B4348E2D328ECC0087C3ED;
			remoteInfo = Quack;
		};
		93B434AC2D328ECE0087C3ED /* PBXContainerItemProxy */ = {
			isa = PBXContainerItemProxy;
			containerPortal = 93B434872D328ECC0087C3ED /* Project object */;
			proxyType = 1;
			remoteGlobalIDString = 93B4348E2D328ECC0087C3ED;
			remoteInfo = Quack;
		};
/* End PBXContainerItemProxy section */

/* Begin PBXFileReference section */
		930DD0F52D4D3E2800BFA015 /* User.swift */ = {isa = PBXFileReference; lastKnownFileType = sourcecode.swift; path = User.swift; sourceTree = "<group>"; };
		931297A02D55DE0F00E44AF3 /* DataModel.swift */ = {isa = PBXFileReference; lastKnownFileType = sourcecode.swift; path = DataModel.swift; sourceTree = "<group>"; };
		931297A62D5726B600E44AF3 /* InitialBottomSheet.swift */ = {isa = PBXFileReference; lastKnownFileType = sourcecode.swift; path = InitialBottomSheet.swift; sourceTree = "<group>"; };
		931297A82D572C5700E44AF3 /* View+Extensions.swift */ = {isa = PBXFileReference; lastKnownFileType = sourcecode.swift; path = "View+Extensions.swift"; sourceTree = "<group>"; };
		9338F25C2D59A577009B151B /* Spliter.swift */ = {isa = PBXFileReference; lastKnownFileType = sourcecode.swift; path = Spliter.swift; sourceTree = "<group>"; };
		9338F25E2D59A976009B151B /* RestaurantDetailBottomSheet.swift */ = {isa = PBXFileReference; lastKnownFileType = sourcecode.swift; path = RestaurantDetailBottomSheet.swift; sourceTree = "<group>"; };
		9338F2602D59AACA009B151B /* ReviewView.swift */ = {isa = PBXFileReference; lastKnownFileType = sourcecode.swift; path = ReviewView.swift; sourceTree = "<group>"; };
		9338F2652D59B25E009B151B /* NaverMapView.swift */ = {isa = PBXFileReference; lastKnownFileType = sourcecode.swift; path = NaverMapView.swift; sourceTree = "<group>"; };
		9338F2672D59B660009B151B /* Config.xcconfig */ = {isa = PBXFileReference; lastKnownFileType = text.xcconfig; path = Config.xcconfig; sourceTree = "<group>"; };
		9338F2682D59CC42009B151B /* MVPoverlay.swift */ = {isa = PBXFileReference; lastKnownFileType = sourcecode.swift; path = MVPoverlay.swift; sourceTree = "<group>"; };
		935BEFD72D57741600DAAA07 /* HomeHeader.swift */ = {isa = PBXFileReference; lastKnownFileType = sourcecode.swift; path = HomeHeader.swift; sourceTree = "<group>"; };
		935BEFD92D57749200DAAA07 /* HomeBanner.swift */ = {isa = PBXFileReference; lastKnownFileType = sourcecode.swift; path = HomeBanner.swift; sourceTree = "<group>"; };
		935BEFDB2D5774F300DAAA07 /* HomeRestaurantList.swift */ = {isa = PBXFileReference; lastKnownFileType = sourcecode.swift; path = HomeRestaurantList.swift; sourceTree = "<group>"; };
		935BEFDE2D57756A00DAAA07 /* RestaurantListRanking.swift */ = {isa = PBXFileReference; lastKnownFileType = sourcecode.swift; path = RestaurantListRanking.swift; sourceTree = "<group>"; };
		935BEFE02D57759800DAAA07 /* RestaurantOfToday.swift */ = {isa = PBXFileReference; lastKnownFileType = sourcecode.swift; path = RestaurantOfToday.swift; sourceTree = "<group>"; };
		935BEFE22D5775BA00DAAA07 /* RestaurantRecommendation.swift */ = {isa = PBXFileReference; lastKnownFileType = sourcecode.swift; path = RestaurantRecommendation.swift; sourceTree = "<group>"; };
		935BEFE52D5776BB00DAAA07 /* SearchBar.swift */ = {isa = PBXFileReference; lastKnownFileType = sourcecode.swift; path = SearchBar.swift; sourceTree = "<group>"; };
		935BEFE72D5776ED00DAAA07 /* RecentlySearchedResult.swift */ = {isa = PBXFileReference; lastKnownFileType = sourcecode.swift; path = RecentlySearchedResult.swift; sourceTree = "<group>"; };
		935BEFE92D5778DE00DAAA07 /* LiveSearchRanking.swift */ = {isa = PBXFileReference; lastKnownFileType = sourcecode.swift; path = LiveSearchRanking.swift; sourceTree = "<group>"; };
		935BEFEC2D577AEC00DAAA07 /* SubstractHeader.swift */ = {isa = PBXFileReference; lastKnownFileType = sourcecode.swift; path = SubstractHeader.swift; sourceTree = "<group>"; };
		935BEFEE2D577C7C00DAAA07 /* CustomModifier.swift */ = {isa = PBXFileReference; lastKnownFileType = sourcecode.swift; path = CustomModifier.swift; sourceTree = "<group>"; };
		935BEFF02D577DDE00DAAA07 /* SubstractBanner.swift */ = {isa = PBXFileReference; lastKnownFileType = sourcecode.swift; path = SubstractBanner.swift; sourceTree = "<group>"; };
		935BEFF22D577E1000DAAA07 /* SubstractRestaurantList.swift */ = {isa = PBXFileReference; lastKnownFileType = sourcecode.swift; path = SubstractRestaurantList.swift; sourceTree = "<group>"; };
		935BEFF52D57805000DAAA07 /* MyPageHeader.swift */ = {isa = PBXFileReference; lastKnownFileType = sourcecode.swift; path = MyPageHeader.swift; sourceTree = "<group>"; };
		935BEFF72D57805A00DAAA07 /* MyPageLogin.swift */ = {isa = PBXFileReference; lastKnownFileType = sourcecode.swift; path = MyPageLogin.swift; sourceTree = "<group>"; };
		935BEFF92D57810600DAAA07 /* MyPageDecibel.swift */ = {isa = PBXFileReference; lastKnownFileType = sourcecode.swift; path = MyPageDecibel.swift; sourceTree = "<group>"; };
		935BEFFB2D57816400DAAA07 /* MyPageReview.swift */ = {isa = PBXFileReference; lastKnownFileType = sourcecode.swift; path = MyPageReview.swift; sourceTree = "<group>"; };
		935BEFFD2D5781A900DAAA07 /* MyPageCSCenter.swift */ = {isa = PBXFileReference; lastKnownFileType = sourcecode.swift; path = MyPageCSCenter.swift; sourceTree = "<group>"; };
		935BEFFF2D5781E000DAAA07 /* MyPageEtc.swift */ = {isa = PBXFileReference; lastKnownFileType = sourcecode.swift; path = MyPageEtc.swift; sourceTree = "<group>"; };
		935BF0022D578E9800DAAA07 /* MyPageBottomSheet.swift */ = {isa = PBXFileReference; lastKnownFileType = sourcecode.swift; path = MyPageBottomSheet.swift; sourceTree = "<group>"; };
		935BF0042D578EFE00DAAA07 /* RestaurantDetailView.swift */ = {isa = PBXFileReference; lastKnownFileType = sourcecode.swift; path = RestaurantDetailView.swift; sourceTree = "<group>"; };
		935BF0062D578F4E00DAAA07 /* Restaurant.swift */ = {isa = PBXFileReference; lastKnownFileType = sourcecode.swift; path = Restaurant.swift; sourceTree = "<group>"; };
		935BF0082D57944A00DAAA07 /* Menu.swift */ = {isa = PBXFileReference; lastKnownFileType = sourcecode.swift; path = Menu.swift; sourceTree = "<group>"; };
		935BF00A2D57988A00DAAA07 /* Review.swift */ = {isa = PBXFileReference; lastKnownFileType = sourcecode.swift; path = Review.swift; sourceTree = "<group>"; };
		935BF00D2D57A11900DAAA07 /* Opinions.swift */ = {isa = PBXFileReference; lastKnownFileType = sourcecode.swift; path = Opinions.swift; sourceTree = "<group>"; };
		935BF00F2D57A12200DAAA07 /* BestMenu.swift */ = {isa = PBXFileReference; lastKnownFileType = sourcecode.swift; path = BestMenu.swift; sourceTree = "<group>"; };
		935BF0112D57A12900DAAA07 /* Menus.swift */ = {isa = PBXFileReference; lastKnownFileType = sourcecode.swift; path = Menus.swift; sourceTree = "<group>"; };
		935BF0132D57A22B00DAAA07 /* Reviews.swift */ = {isa = PBXFileReference; lastKnownFileType = sourcecode.swift; path = Reviews.swift; sourceTree = "<group>"; };
		935BF0152D57A33E00DAAA07 /* Report.swift */ = {isa = PBXFileReference; lastKnownFileType = sourcecode.swift; path = Report.swift; sourceTree = "<group>"; };
		935BF0172D57A39200DAAA07 /* RestaurantInfo.swift */ = {isa = PBXFileReference; lastKnownFileType = sourcecode.swift; path = RestaurantInfo.swift; sourceTree = "<group>"; };
		935BF0192D57BF6A00DAAA07 /* RestaurantDetailHeader.swift */ = {isa = PBXFileReference; lastKnownFileType = sourcecode.swift; path = RestaurantDetailHeader.swift; sourceTree = "<group>"; };
		9385211B2D4BABA5009C9B71 /* NavigationManager.swift */ = {isa = PBXFileReference; lastKnownFileType = sourcecode.swift; path = NavigationManager.swift; sourceTree = "<group>"; };
		9385211F2D4BB566009C9B71 /* AlarmView.swift */ = {isa = PBXFileReference; lastKnownFileType = sourcecode.swift; path = AlarmView.swift; sourceTree = "<group>"; };
		93867C1C2D5739B100C5EA62 /* HomeBottomSheet.swift */ = {isa = PBXFileReference; lastKnownFileType = sourcecode.swift; path = HomeBottomSheet.swift; sourceTree = "<group>"; };
		9389FC542D32ACE60092F336 /* InitialView.swift */ = {isa = PBXFileReference; lastKnownFileType = sourcecode.swift; path = InitialView.swift; sourceTree = "<group>"; };
		9389FC562D32AD2D0092F336 /* SignUpView.swift */ = {isa = PBXFileReference; lastKnownFileType = sourcecode.swift; path = SignUpView.swift; sourceTree = "<group>"; };
		938B7B932D32C34C009B2CE8 /* PretendardVariable.ttf */ = {isa = PBXFileReference; lastKnownFileType = file; path = PretendardVariable.ttf; sourceTree = "<group>"; };
		938B7B952D32C3BF009B2CE8 /* Info.plist */ = {isa = PBXFileReference; lastKnownFileType = text.plist; path = Info.plist; sourceTree = "<group>"; };
		938B7B962D32C48C009B2CE8 /* TheJamsilThin.otf */ = {isa = PBXFileReference; lastKnownFileType = file; path = TheJamsilThin.otf; sourceTree = "<group>"; };
		938B7B972D32C48C009B2CE8 /* TheJamsilLight.otf */ = {isa = PBXFileReference; lastKnownFileType = file; path = TheJamsilLight.otf; sourceTree = "<group>"; };
		938B7B982D32C48C009B2CE8 /* TheJamsilRegular.otf */ = {isa = PBXFileReference; lastKnownFileType = file; path = TheJamsilRegular.otf; sourceTree = "<group>"; };
		938B7B992D32C48C009B2CE8 /* TheJamsilMedium.otf */ = {isa = PBXFileReference; lastKnownFileType = file; path = TheJamsilMedium.otf; sourceTree = "<group>"; };
		938B7B9A2D32C48C009B2CE8 /* TheJamsilBold.otf */ = {isa = PBXFileReference; lastKnownFileType = file; path = TheJamsilBold.otf; sourceTree = "<group>"; };
		938B7B9B2D32C48C009B2CE8 /* TheJamsilExtraBold.otf */ = {isa = PBXFileReference; lastKnownFileType = file; path = TheJamsilExtraBold.otf; sourceTree = "<group>"; };
		938B7BA52D32C72C009B2CE8 /* Font+Extension.swift */ = {isa = PBXFileReference; lastKnownFileType = sourcecode.swift; path = "Font+Extension.swift"; sourceTree = "<group>"; };
		93A9E3432D4BC5AC0000E349 /* AlarmContentView.swift */ = {isa = PBXFileReference; lastKnownFileType = sourcecode.swift; path = AlarmContentView.swift; sourceTree = "<group>"; };
		93A9E34A2D4C031B0000E349 /* Enums.swift */ = {isa = PBXFileReference; lastKnownFileType = sourcecode.swift; path = Enums.swift; sourceTree = "<group>"; };
		93A9E34C2D4C03B90000E349 /* Constants.swift */ = {isa = PBXFileReference; lastKnownFileType = sourcecode.swift; path = Constants.swift; sourceTree = "<group>"; };
		93A9E34E2D4D0B270000E349 /* SearchedShop.swift */ = {isa = PBXFileReference; lastKnownFileType = sourcecode.swift; path = SearchedShop.swift; sourceTree = "<group>"; };
		93B4348F2D328ECC0087C3ED /* Quack.app */ = {isa = PBXFileReference; explicitFileType = wrapper.application; includeInIndex = 0; path = Quack.app; sourceTree = BUILT_PRODUCTS_DIR; };
		93B434922D328ECC0087C3ED /* QuackApp.swift */ = {isa = PBXFileReference; lastKnownFileType = sourcecode.swift; path = QuackApp.swift; sourceTree = "<group>"; };
		93B434942D328ECC0087C3ED /* ContentView.swift */ = {isa = PBXFileReference; lastKnownFileType = sourcecode.swift; path = ContentView.swift; sourceTree = "<group>"; };
		93B434982D328ECD0087C3ED /* Assets.xcassets */ = {isa = PBXFileReference; lastKnownFileType = folder.assetcatalog; path = Assets.xcassets; sourceTree = "<group>"; };
		93B4349B2D328ECD0087C3ED /* Preview Assets.xcassets */ = {isa = PBXFileReference; lastKnownFileType = folder.assetcatalog; path = "Preview Assets.xcassets"; sourceTree = "<group>"; };
		93B434A12D328ECE0087C3ED /* QuackTests.xctest */ = {isa = PBXFileReference; explicitFileType = wrapper.cfbundle; includeInIndex = 0; path = QuackTests.xctest; sourceTree = BUILT_PRODUCTS_DIR; };
		93B434A52D328ECE0087C3ED /* QuackTests.swift */ = {isa = PBXFileReference; lastKnownFileType = sourcecode.swift; path = QuackTests.swift; sourceTree = "<group>"; };
		93B434AB2D328ECE0087C3ED /* QuackUITests.xctest */ = {isa = PBXFileReference; explicitFileType = wrapper.cfbundle; includeInIndex = 0; path = QuackUITests.xctest; sourceTree = BUILT_PRODUCTS_DIR; };
		93B434AF2D328ECE0087C3ED /* QuackUITests.swift */ = {isa = PBXFileReference; lastKnownFileType = sourcecode.swift; path = QuackUITests.swift; sourceTree = "<group>"; };
		93B434B12D328ECE0087C3ED /* QuackUITestsLaunchTests.swift */ = {isa = PBXFileReference; lastKnownFileType = sourcecode.swift; path = QuackUITestsLaunchTests.swift; sourceTree = "<group>"; };
		93DD282B2D34D4C300C111E8 /* Color+Extension.swift */ = {isa = PBXFileReference; lastKnownFileType = sourcecode.swift; path = "Color+Extension.swift"; sourceTree = "<group>"; };
		FE05A7482D3D20EE0078E498 /* HomeView.swift */ = {isa = PBXFileReference; lastKnownFileType = sourcecode.swift; path = HomeView.swift; sourceTree = "<group>"; };
		FE05A74A2D3D2E400078E498 /* TabBarView.swift */ = {isa = PBXFileReference; lastKnownFileType = sourcecode.swift; path = TabBarView.swift; sourceTree = "<group>"; };
		FE05A74C2D3D319D0078E498 /* SearchView.swift */ = {isa = PBXFileReference; lastKnownFileType = sourcecode.swift; path = SearchView.swift; sourceTree = "<group>"; };
		FE05A74E2D3D32970078E498 /* SubstractView.swift */ = {isa = PBXFileReference; lastKnownFileType = sourcecode.swift; path = SubstractView.swift; sourceTree = "<group>"; };
		FE05A7502D3D329F0078E498 /* MyPageView.swift */ = {isa = PBXFileReference; lastKnownFileType = sourcecode.swift; path = MyPageView.swift; sourceTree = "<group>"; };
/* End PBXFileReference section */

/* Begin PBXFrameworksBuildPhase section */
		93B4348C2D328ECC0087C3ED /* Frameworks */ = {
			isa = PBXFrameworksBuildPhase;
			buildActionMask = 2147483647;
			files = (
				930DD0F22D4D1ECA00BFA015 /* KakaoSDK in Frameworks */,
				9338F2642D59B197009B151B /* NMapsMap in Frameworks */,
			);
			runOnlyForDeploymentPostprocessing = 0;
		};
		93B4349E2D328ECE0087C3ED /* Frameworks */ = {
			isa = PBXFrameworksBuildPhase;
			buildActionMask = 2147483647;
			files = (
			);
			runOnlyForDeploymentPostprocessing = 0;
		};
		93B434A82D328ECE0087C3ED /* Frameworks */ = {
			isa = PBXFrameworksBuildPhase;
			buildActionMask = 2147483647;
			files = (
			);
			runOnlyForDeploymentPostprocessing = 0;
		};
/* End PBXFrameworksBuildPhase section */

/* Begin PBXGroup section */
		931297A42D57269000E44AF3 /* Components */ = {
			isa = PBXGroup;
			children = (
				9338F25C2D59A577009B151B /* Spliter.swift */,
				9338F2652D59B25E009B151B /* NaverMapView.swift */,
				9338F2682D59CC42009B151B /* MVPoverlay.swift */,
			);
			path = Components;
			sourceTree = "<group>";
		};
		931297AA2D57379700E44AF3 /* HomeView */ = {
			isa = PBXGroup;
			children = (
				93867C1C2D5739B100C5EA62 /* HomeBottomSheet.swift */,
				935BEFDD2D57754500DAAA07 /* HomeRestaurantList */,
				935BEFD72D57741600DAAA07 /* HomeHeader.swift */,
				935BEFD92D57749200DAAA07 /* HomeBanner.swift */,
				935BEFDB2D5774F300DAAA07 /* HomeRestaurantList.swift */,
			);
			path = HomeView;
			sourceTree = "<group>";
		};
		935BEFDD2D57754500DAAA07 /* HomeRestaurantList */ = {
			isa = PBXGroup;
			children = (
				935BEFDE2D57756A00DAAA07 /* RestaurantListRanking.swift */,
				935BEFE02D57759800DAAA07 /* RestaurantOfToday.swift */,
				935BEFE22D5775BA00DAAA07 /* RestaurantRecommendation.swift */,
			);
			path = HomeRestaurantList;
			sourceTree = "<group>";
		};
		935BEFE42D5776AF00DAAA07 /* SearchView */ = {
			isa = PBXGroup;
			children = (
				935BEFE52D5776BB00DAAA07 /* SearchBar.swift */,
				935BEFE72D5776ED00DAAA07 /* RecentlySearchedResult.swift */,
				935BEFE92D5778DE00DAAA07 /* LiveSearchRanking.swift */,
			);
			path = SearchView;
			sourceTree = "<group>";
		};
		935BEFEB2D577AB300DAAA07 /* SubstractView */ = {
			isa = PBXGroup;
			children = (
				935BEFEC2D577AEC00DAAA07 /* SubstractHeader.swift */,
				935BEFF02D577DDE00DAAA07 /* SubstractBanner.swift */,
				935BEFF22D577E1000DAAA07 /* SubstractRestaurantList.swift */,
			);
			path = SubstractView;
			sourceTree = "<group>";
		};
		935BEFF42D57800800DAAA07 /* MyPageVIew */ = {
			isa = PBXGroup;
			children = (
				935BF0022D578E9800DAAA07 /* MyPageBottomSheet.swift */,
				935BEFF52D57805000DAAA07 /* MyPageHeader.swift */,
				935BEFF72D57805A00DAAA07 /* MyPageLogin.swift */,
				935BEFF92D57810600DAAA07 /* MyPageDecibel.swift */,
				935BEFFB2D57816400DAAA07 /* MyPageReview.swift */,
				935BEFFD2D5781A900DAAA07 /* MyPageCSCenter.swift */,
				935BEFFF2D5781E000DAAA07 /* MyPageEtc.swift */,
			);
			path = MyPageVIew;
			sourceTree = "<group>";
		};
		935BF0012D578E4400DAAA07 /* Models */ = {
			isa = PBXGroup;
			children = (
				931297A02D55DE0F00E44AF3 /* DataModel.swift */,
				93A9E34E2D4D0B270000E349 /* SearchedShop.swift */,
				930DD0F52D4D3E2800BFA015 /* User.swift */,
				935BF0062D578F4E00DAAA07 /* Restaurant.swift */,
				935BF0082D57944A00DAAA07 /* Menu.swift */,
				935BF00A2D57988A00DAAA07 /* Review.swift */,
			);
			path = Models;
			sourceTree = "<group>";
		};
		935BF00C2D579ED900DAAA07 /* RestaurantDetail */ = {
			isa = PBXGroup;
			children = (
				935BF0192D57BF6A00DAAA07 /* RestaurantDetailHeader.swift */,
				935BF0172D57A39200DAAA07 /* RestaurantInfo.swift */,
				935BF0112D57A12900DAAA07 /* Menus.swift */,
				935BF00D2D57A11900DAAA07 /* Opinions.swift */,
				935BF00F2D57A12200DAAA07 /* BestMenu.swift */,
				935BF0132D57A22B00DAAA07 /* Reviews.swift */,
				935BF0152D57A33E00DAAA07 /* Report.swift */,
				9338F25E2D59A976009B151B /* RestaurantDetailBottomSheet.swift */,
			);
			path = RestaurantDetail;
			sourceTree = "<group>";
		};
		938B7B912D32C303009B2CE8 /* Resources */ = {
			isa = PBXGroup;
			children = (
				938B7B922D32C31A009B2CE8 /* Fonts */,
			);
			path = Resources;
			sourceTree = "<group>";
		};
		938B7B922D32C31A009B2CE8 /* Fonts */ = {
			isa = PBXGroup;
			children = (
				938B7BA32D32C56F009B2CE8 /* Pretendard */,
				938B7B9C2D32C48C009B2CE8 /* The_Jamsil_OTF_2024 */,
			);
			path = Fonts;
			sourceTree = "<group>";
		};
		938B7B9C2D32C48C009B2CE8 /* The_Jamsil_OTF_2024 */ = {
			isa = PBXGroup;
			children = (
				938B7B962D32C48C009B2CE8 /* TheJamsilThin.otf */,
				938B7B972D32C48C009B2CE8 /* TheJamsilLight.otf */,
				938B7B982D32C48C009B2CE8 /* TheJamsilRegular.otf */,
				938B7B992D32C48C009B2CE8 /* TheJamsilMedium.otf */,
				938B7B9A2D32C48C009B2CE8 /* TheJamsilBold.otf */,
				938B7B9B2D32C48C009B2CE8 /* TheJamsilExtraBold.otf */,
			);
			path = The_Jamsil_OTF_2024;
			sourceTree = "<group>";
		};
		938B7BA32D32C56F009B2CE8 /* Pretendard */ = {
			isa = PBXGroup;
			children = (
				938B7B932D32C34C009B2CE8 /* PretendardVariable.ttf */,
			);
			path = Pretendard;
			sourceTree = "<group>";
		};
		938B7BA42D32C6FA009B2CE8 /* Extensions */ = {
			isa = PBXGroup;
			children = (
				938B7BA52D32C72C009B2CE8 /* Font+Extension.swift */,
				93DD282B2D34D4C300C111E8 /* Color+Extension.swift */,
				9385211B2D4BABA5009C9B71 /* NavigationManager.swift */,
				931297A82D572C5700E44AF3 /* View+Extensions.swift */,
			);
			path = Extensions;
			sourceTree = "<group>";
		};
		93A9E3422D4BC5990000E349 /* Alarm */ = {
			isa = PBXGroup;
			children = (
				9385211F2D4BB566009C9B71 /* AlarmView.swift */,
				93A9E3432D4BC5AC0000E349 /* AlarmContentView.swift */,
			);
			path = Alarm;
			sourceTree = "<group>";
		};
		93A9E3502D4D10740000E349 /* Utils */ = {
			isa = PBXGroup;
			children = (
				93A9E34A2D4C031B0000E349 /* Enums.swift */,
				93A9E34C2D4C03B90000E349 /* Constants.swift */,
				935BEFEE2D577C7C00DAAA07 /* CustomModifier.swift */,
			);
			path = Utils;
			sourceTree = "<group>";
		};
		93B434862D328ECC0087C3ED = {
			isa = PBXGroup;
			children = (
				9338F2672D59B660009B151B /* Config.xcconfig */,
				93B434912D328ECC0087C3ED /* Quack */,
				93B434A42D328ECE0087C3ED /* QuackTests */,
				93B434AE2D328ECE0087C3ED /* QuackUITests */,
				93B434902D328ECC0087C3ED /* Products */,
			);
			sourceTree = "<group>";
		};
		93B434902D328ECC0087C3ED /* Products */ = {
			isa = PBXGroup;
			children = (
				93B4348F2D328ECC0087C3ED /* Quack.app */,
				93B434A12D328ECE0087C3ED /* QuackTests.xctest */,
				93B434AB2D328ECE0087C3ED /* QuackUITests.xctest */,
			);
			name = Products;
			sourceTree = "<group>";
		};
		93B434912D328ECC0087C3ED /* Quack */ = {
			isa = PBXGroup;
			children = (
				935BF0012D578E4400DAAA07 /* Models */,
				93F6C6822D32A92400009587 /* Views */,
				938B7BA42D32C6FA009B2CE8 /* Extensions */,
				93A9E3502D4D10740000E349 /* Utils */,
				938B7B912D32C303009B2CE8 /* Resources */,
				93B434922D328ECC0087C3ED /* QuackApp.swift */,
				93B434982D328ECD0087C3ED /* Assets.xcassets */,
				938B7B952D32C3BF009B2CE8 /* Info.plist */,
				93B4349A2D328ECD0087C3ED /* Preview Content */,
			);
			path = Quack;
			sourceTree = "<group>";
		};
		93B4349A2D328ECD0087C3ED /* Preview Content */ = {
			isa = PBXGroup;
			children = (
				93B4349B2D328ECD0087C3ED /* Preview Assets.xcassets */,
			);
			path = "Preview Content";
			sourceTree = "<group>";
		};
		93B434A42D328ECE0087C3ED /* QuackTests */ = {
			isa = PBXGroup;
			children = (
				93B434A52D328ECE0087C3ED /* QuackTests.swift */,
			);
			path = QuackTests;
			sourceTree = "<group>";
		};
		93B434AE2D328ECE0087C3ED /* QuackUITests */ = {
			isa = PBXGroup;
			children = (
				93B434AF2D328ECE0087C3ED /* QuackUITests.swift */,
				93B434B12D328ECE0087C3ED /* QuackUITestsLaunchTests.swift */,
			);
			path = QuackUITests;
			sourceTree = "<group>";
		};
		93DCC8FF2D59868700E86E21 /* InitialView */ = {
			isa = PBXGroup;
			children = (
				931297A62D5726B600E44AF3 /* InitialBottomSheet.swift */,
			);
			path = InitialView;
			sourceTree = "<group>";
		};
		93F6C6822D32A92400009587 /* Views */ = {
			isa = PBXGroup;
			children = (
				931297A42D57269000E44AF3 /* Components */,
				93A9E3422D4BC5990000E349 /* Alarm */,
				93B434942D328ECC0087C3ED /* ContentView.swift */,
				9389FC542D32ACE60092F336 /* InitialView.swift */,
				93DCC8FF2D59868700E86E21 /* InitialView */,
				9389FC562D32AD2D0092F336 /* SignUpView.swift */,
				FE05A74A2D3D2E400078E498 /* TabBarView.swift */,
				935BF0042D578EFE00DAAA07 /* RestaurantDetailView.swift */,
				935BF00C2D579ED900DAAA07 /* RestaurantDetail */,
				FE05A7522D3D32A90078E498 /* Tabs */,
				9338F2602D59AACA009B151B /* ReviewView.swift */,
			);
			path = Views;
			sourceTree = "<group>";
		};
		FE05A7522D3D32A90078E498 /* Tabs */ = {
			isa = PBXGroup;
			children = (
				FE05A7482D3D20EE0078E498 /* HomeView.swift */,
				931297AA2D57379700E44AF3 /* HomeView */,
				FE05A74C2D3D319D0078E498 /* SearchView.swift */,
				935BEFE42D5776AF00DAAA07 /* SearchView */,
				FE05A74E2D3D32970078E498 /* SubstractView.swift */,
				935BEFEB2D577AB300DAAA07 /* SubstractView */,
				FE05A7502D3D329F0078E498 /* MyPageView.swift */,
				935BEFF42D57800800DAAA07 /* MyPageVIew */,
			);
			path = Tabs;
			sourceTree = "<group>";
		};
/* End PBXGroup section */

/* Begin PBXNativeTarget section */
		93B4348E2D328ECC0087C3ED /* Quack */ = {
			isa = PBXNativeTarget;
			buildConfigurationList = 93B434B52D328ECE0087C3ED /* Build configuration list for PBXNativeTarget "Quack" */;
			buildPhases = (
				93B4348B2D328ECC0087C3ED /* Sources */,
				93B4348C2D328ECC0087C3ED /* Frameworks */,
				93B4348D2D328ECC0087C3ED /* Resources */,
			);
			buildRules = (
			);
			dependencies = (
			);
			name = Quack;
			packageProductDependencies = (
				930DD0F12D4D1ECA00BFA015 /* KakaoSDK */,
				9338F2632D59B197009B151B /* NMapsMap */,
			);
			productName = Quack;
			productReference = 93B4348F2D328ECC0087C3ED /* Quack.app */;
			productType = "com.apple.product-type.application";
		};
		93B434A02D328ECE0087C3ED /* QuackTests */ = {
			isa = PBXNativeTarget;
			buildConfigurationList = 93B434B82D328ECE0087C3ED /* Build configuration list for PBXNativeTarget "QuackTests" */;
			buildPhases = (
				93B4349D2D328ECE0087C3ED /* Sources */,
				93B4349E2D328ECE0087C3ED /* Frameworks */,
				93B4349F2D328ECE0087C3ED /* Resources */,
			);
			buildRules = (
			);
			dependencies = (
				93B434A32D328ECE0087C3ED /* PBXTargetDependency */,
			);
			name = QuackTests;
			productName = QuackTests;
			productReference = 93B434A12D328ECE0087C3ED /* QuackTests.xctest */;
			productType = "com.apple.product-type.bundle.unit-test";
		};
		93B434AA2D328ECE0087C3ED /* QuackUITests */ = {
			isa = PBXNativeTarget;
			buildConfigurationList = 93B434BB2D328ECE0087C3ED /* Build configuration list for PBXNativeTarget "QuackUITests" */;
			buildPhases = (
				93B434A72D328ECE0087C3ED /* Sources */,
				93B434A82D328ECE0087C3ED /* Frameworks */,
				93B434A92D328ECE0087C3ED /* Resources */,
			);
			buildRules = (
			);
			dependencies = (
				93B434AD2D328ECE0087C3ED /* PBXTargetDependency */,
			);
			name = QuackUITests;
			productName = QuackUITests;
			productReference = 93B434AB2D328ECE0087C3ED /* QuackUITests.xctest */;
			productType = "com.apple.product-type.bundle.ui-testing";
		};
/* End PBXNativeTarget section */

/* Begin PBXProject section */
		93B434872D328ECC0087C3ED /* Project object */ = {
			isa = PBXProject;
			attributes = {
				BuildIndependentTargetsInParallel = 1;
				LastSwiftUpdateCheck = 1540;
				LastUpgradeCheck = 1540;
				TargetAttributes = {
					93B4348E2D328ECC0087C3ED = {
						CreatedOnToolsVersion = 15.4;
					};
					93B434A02D328ECE0087C3ED = {
						CreatedOnToolsVersion = 15.4;
						TestTargetID = 93B4348E2D328ECC0087C3ED;
					};
					93B434AA2D328ECE0087C3ED = {
						CreatedOnToolsVersion = 15.4;
						TestTargetID = 93B4348E2D328ECC0087C3ED;
					};
				};
			};
			buildConfigurationList = 93B4348A2D328ECC0087C3ED /* Build configuration list for PBXProject "Quack" */;
			compatibilityVersion = "Xcode 14.0";
			developmentRegion = ko;
			hasScannedForEncodings = 0;
			knownRegions = (
				en,
				Base,
				ko,
			);
			mainGroup = 93B434862D328ECC0087C3ED;
			packageReferences = (
				930DD0F02D4D1ECA00BFA015 /* XCRemoteSwiftPackageReference "kakao-ios-sdk" */,
				9338F2622D59B197009B151B /* XCRemoteSwiftPackageReference "SPM-NMapsMap" */,
			);
			productRefGroup = 93B434902D328ECC0087C3ED /* Products */;
			projectDirPath = "";
			projectRoot = "";
			targets = (
				93B4348E2D328ECC0087C3ED /* Quack */,
				93B434A02D328ECE0087C3ED /* QuackTests */,
				93B434AA2D328ECE0087C3ED /* QuackUITests */,
			);
		};
/* End PBXProject section */

/* Begin PBXResourcesBuildPhase section */
		93B4348D2D328ECC0087C3ED /* Resources */ = {
			isa = PBXResourcesBuildPhase;
			buildActionMask = 2147483647;
			files = (
				938B7BA12D32C48C009B2CE8 /* TheJamsilBold.otf in Resources */,
				938B7B9F2D32C48C009B2CE8 /* TheJamsilRegular.otf in Resources */,
				938B7BA02D32C48C009B2CE8 /* TheJamsilMedium.otf in Resources */,
				93B4349C2D328ECD0087C3ED /* Preview Assets.xcassets in Resources */,
				93B434992D328ECD0087C3ED /* Assets.xcassets in Resources */,
				938B7B9E2D32C48C009B2CE8 /* TheJamsilLight.otf in Resources */,
				938B7B9D2D32C48C009B2CE8 /* TheJamsilThin.otf in Resources */,
				938B7B942D32C34C009B2CE8 /* PretendardVariable.ttf in Resources */,
				938B7BA22D32C48C009B2CE8 /* TheJamsilExtraBold.otf in Resources */,
			);
			runOnlyForDeploymentPostprocessing = 0;
		};
		93B4349F2D328ECE0087C3ED /* Resources */ = {
			isa = PBXResourcesBuildPhase;
			buildActionMask = 2147483647;
			files = (
			);
			runOnlyForDeploymentPostprocessing = 0;
		};
		93B434A92D328ECE0087C3ED /* Resources */ = {
			isa = PBXResourcesBuildPhase;
			buildActionMask = 2147483647;
			files = (
			);
			runOnlyForDeploymentPostprocessing = 0;
		};
/* End PBXResourcesBuildPhase section */

/* Begin PBXSourcesBuildPhase section */
		93B4348B2D328ECC0087C3ED /* Sources */ = {
			isa = PBXSourcesBuildPhase;
			buildActionMask = 2147483647;
			files = (
				935BF0072D578F4E00DAAA07 /* Restaurant.swift in Sources */,
				935BF0142D57A22B00DAAA07 /* Reviews.swift in Sources */,
				931297A92D572C5700E44AF3 /* View+Extensions.swift in Sources */,
				9338F2662D59B25E009B151B /* NaverMapView.swift in Sources */,
				935BEFE12D57759800DAAA07 /* RestaurantOfToday.swift in Sources */,
				935BEFEA2D5778DE00DAAA07 /* LiveSearchRanking.swift in Sources */,
				9338F25D2D59A577009B151B /* Spliter.swift in Sources */,
				93B434952D328ECC0087C3ED /* ContentView.swift in Sources */,
				935BEFE32D5775BA00DAAA07 /* RestaurantRecommendation.swift in Sources */,
				935BEFEF2D577C7C00DAAA07 /* CustomModifier.swift in Sources */,
				935BF00B2D57988A00DAAA07 /* Review.swift in Sources */,
				9389FC552D32ACE60092F336 /* InitialView.swift in Sources */,
				FE05A74F2D3D32970078E498 /* SubstractView.swift in Sources */,
				935BF01A2D57BF6A00DAAA07 /* RestaurantDetailHeader.swift in Sources */,
				935BEFD82D57741600DAAA07 /* HomeHeader.swift in Sources */,
				935BEFF12D577DDE00DAAA07 /* SubstractBanner.swift in Sources */,
				935BF0102D57A12200DAAA07 /* BestMenu.swift in Sources */,
				935BEFFC2D57816400DAAA07 /* MyPageReview.swift in Sources */,
				935BEFDF2D57756A00DAAA07 /* RestaurantListRanking.swift in Sources */,
				931297A72D5726B600E44AF3 /* InitialBottomSheet.swift in Sources */,
				935BF0162D57A33E00DAAA07 /* Report.swift in Sources */,
				93DD282C2D34D4C300C111E8 /* Color+Extension.swift in Sources */,
				FE05A7512D3D329F0078E498 /* MyPageView.swift in Sources */,
				935BEFF82D57805A00DAAA07 /* MyPageLogin.swift in Sources */,
				935BEFE82D5776ED00DAAA07 /* RecentlySearchedResult.swift in Sources */,
				935BEFF62D57805000DAAA07 /* MyPageHeader.swift in Sources */,
				93A9E34F2D4D0B270000E349 /* SearchedShop.swift in Sources */,
				93A9E3442D4BC5AC0000E349 /* AlarmContentView.swift in Sources */,
				935BEFFE2D5781A900DAAA07 /* MyPageCSCenter.swift in Sources */,
				FE05A74D2D3D319D0078E498 /* SearchView.swift in Sources */,
				935BF0032D578E9800DAAA07 /* MyPageBottomSheet.swift in Sources */,
				935BF0182D57A39200DAAA07 /* RestaurantInfo.swift in Sources */,
				935BF0092D57944A00DAAA07 /* Menu.swift in Sources */,
				93A9E34D2D4C03B90000E349 /* Constants.swift in Sources */,
				930DD0F62D4D3E2800BFA015 /* User.swift in Sources */,
				935BF00E2D57A11900DAAA07 /* Opinions.swift in Sources */,
				935BEFED2D577AEC00DAAA07 /* SubstractHeader.swift in Sources */,
				935BEFDA2D57749200DAAA07 /* HomeBanner.swift in Sources */,
				935BEFE62D5776BB00DAAA07 /* SearchBar.swift in Sources */,
				93A9E34B2D4C031B0000E349 /* Enums.swift in Sources */,
				938B7BA62D32C72C009B2CE8 /* Font+Extension.swift in Sources */,
				935BF0002D5781E000DAAA07 /* MyPageEtc.swift in Sources */,
				935BEFFA2D57810600DAAA07 /* MyPageDecibel.swift in Sources */,
				FE05A7492D3D20EE0078E498 /* HomeView.swift in Sources */,
				935BF0122D57A12A00DAAA07 /* Menus.swift in Sources */,
				93B434932D328ECC0087C3ED /* QuackApp.swift in Sources */,
				935BEFF32D577E1000DAAA07 /* SubstractRestaurantList.swift in Sources */,
				FE05A74B2D3D2E400078E498 /* TabBarView.swift in Sources */,
				9385211C2D4BABA5009C9B71 /* NavigationManager.swift in Sources */,
				9338F2612D59AACA009B151B /* ReviewView.swift in Sources */,
				93867C1D2D5739B100C5EA62 /* HomeBottomSheet.swift in Sources */,
				935BEFDC2D5774F300DAAA07 /* HomeRestaurantList.swift in Sources */,
				9338F25F2D59A976009B151B /* RestaurantDetailBottomSheet.swift in Sources */,
				931297A12D55DE0F00E44AF3 /* DataModel.swift in Sources */,
				938521202D4BB566009C9B71 /* AlarmView.swift in Sources */,
				935BF0052D578EFE00DAAA07 /* RestaurantDetailView.swift in Sources */,
				9338F2692D59CC42009B151B /* MVPoverlay.swift in Sources */,
				9389FC572D32AD2D0092F336 /* SignUpView.swift in Sources */,
			);
			runOnlyForDeploymentPostprocessing = 0;
		};
		93B4349D2D328ECE0087C3ED /* Sources */ = {
			isa = PBXSourcesBuildPhase;
			buildActionMask = 2147483647;
			files = (
				93B434A62D328ECE0087C3ED /* QuackTests.swift in Sources */,
			);
			runOnlyForDeploymentPostprocessing = 0;
		};
		93B434A72D328ECE0087C3ED /* Sources */ = {
			isa = PBXSourcesBuildPhase;
			buildActionMask = 2147483647;
			files = (
				93B434B22D328ECE0087C3ED /* QuackUITestsLaunchTests.swift in Sources */,
				93B434B02D328ECE0087C3ED /* QuackUITests.swift in Sources */,
			);
			runOnlyForDeploymentPostprocessing = 0;
		};
/* End PBXSourcesBuildPhase section */

/* Begin PBXTargetDependency section */
		93B434A32D328ECE0087C3ED /* PBXTargetDependency */ = {
			isa = PBXTargetDependency;
			target = 93B4348E2D328ECC0087C3ED /* Quack */;
			targetProxy = 93B434A22D328ECE0087C3ED /* PBXContainerItemProxy */;
		};
		93B434AD2D328ECE0087C3ED /* PBXTargetDependency */ = {
			isa = PBXTargetDependency;
			target = 93B4348E2D328ECC0087C3ED /* Quack */;
			targetProxy = 93B434AC2D328ECE0087C3ED /* PBXContainerItemProxy */;
		};
/* End PBXTargetDependency section */

/* Begin XCBuildConfiguration section */
		93B434B32D328ECE0087C3ED /* Debug */ = {
			isa = XCBuildConfiguration;
			baseConfigurationReference = 9338F2672D59B660009B151B /* Config.xcconfig */;
			buildSettings = {
				ALWAYS_SEARCH_USER_PATHS = NO;
				ASSETCATALOG_COMPILER_GENERATE_SWIFT_ASSET_SYMBOL_EXTENSIONS = YES;
				CLANG_ANALYZER_NONNULL = YES;
				CLANG_ANALYZER_NUMBER_OBJECT_CONVERSION = YES_AGGRESSIVE;
				CLANG_CXX_LANGUAGE_STANDARD = "gnu++20";
				CLANG_ENABLE_MODULES = YES;
				CLANG_ENABLE_OBJC_ARC = YES;
				CLANG_ENABLE_OBJC_WEAK = YES;
				CLANG_WARN_BLOCK_CAPTURE_AUTORELEASING = YES;
				CLANG_WARN_BOOL_CONVERSION = YES;
				CLANG_WARN_COMMA = YES;
				CLANG_WARN_CONSTANT_CONVERSION = YES;
				CLANG_WARN_DEPRECATED_OBJC_IMPLEMENTATIONS = YES;
				CLANG_WARN_DIRECT_OBJC_ISA_USAGE = YES_ERROR;
				CLANG_WARN_DOCUMENTATION_COMMENTS = YES;
				CLANG_WARN_EMPTY_BODY = YES;
				CLANG_WARN_ENUM_CONVERSION = YES;
				CLANG_WARN_INFINITE_RECURSION = YES;
				CLANG_WARN_INT_CONVERSION = YES;
				CLANG_WARN_NON_LITERAL_NULL_CONVERSION = YES;
				CLANG_WARN_OBJC_IMPLICIT_RETAIN_SELF = YES;
				CLANG_WARN_OBJC_LITERAL_CONVERSION = YES;
				CLANG_WARN_OBJC_ROOT_CLASS = YES_ERROR;
				CLANG_WARN_QUOTED_INCLUDE_IN_FRAMEWORK_HEADER = YES;
				CLANG_WARN_RANGE_LOOP_ANALYSIS = YES;
				CLANG_WARN_STRICT_PROTOTYPES = YES;
				CLANG_WARN_SUSPICIOUS_MOVE = YES;
				CLANG_WARN_UNGUARDED_AVAILABILITY = YES_AGGRESSIVE;
				CLANG_WARN_UNREACHABLE_CODE = YES;
				CLANG_WARN__DUPLICATE_METHOD_MATCH = YES;
				COPY_PHASE_STRIP = NO;
				DEBUG_INFORMATION_FORMAT = dwarf;
				ENABLE_STRICT_OBJC_MSGSEND = YES;
				ENABLE_TESTABILITY = YES;
				ENABLE_USER_SCRIPT_SANDBOXING = YES;
				GCC_C_LANGUAGE_STANDARD = gnu17;
				GCC_DYNAMIC_NO_PIC = NO;
				GCC_NO_COMMON_BLOCKS = YES;
				GCC_OPTIMIZATION_LEVEL = 0;
				GCC_PREPROCESSOR_DEFINITIONS = (
					"DEBUG=1",
					"$(inherited)",
				);
				GCC_WARN_64_TO_32_BIT_CONVERSION = YES;
				GCC_WARN_ABOUT_RETURN_TYPE = YES_ERROR;
				GCC_WARN_UNDECLARED_SELECTOR = YES;
				GCC_WARN_UNINITIALIZED_AUTOS = YES_AGGRESSIVE;
				GCC_WARN_UNUSED_FUNCTION = YES;
				GCC_WARN_UNUSED_VARIABLE = YES;
				IPHONEOS_DEPLOYMENT_TARGET = 17.0;
				LOCALIZATION_PREFERS_STRING_CATALOGS = YES;
				MTL_ENABLE_DEBUG_INFO = INCLUDE_SOURCE;
				MTL_FAST_MATH = YES;
				ONLY_ACTIVE_ARCH = YES;
				SDKROOT = iphoneos;
				SWIFT_ACTIVE_COMPILATION_CONDITIONS = "DEBUG $(inherited)";
				SWIFT_OPTIMIZATION_LEVEL = "-Onone";
			};
			name = Debug;
		};
		93B434B42D328ECE0087C3ED /* Release */ = {
			isa = XCBuildConfiguration;
			baseConfigurationReference = 9338F2672D59B660009B151B /* Config.xcconfig */;
			buildSettings = {
				ALWAYS_SEARCH_USER_PATHS = NO;
				ASSETCATALOG_COMPILER_GENERATE_SWIFT_ASSET_SYMBOL_EXTENSIONS = YES;
				CLANG_ANALYZER_NONNULL = YES;
				CLANG_ANALYZER_NUMBER_OBJECT_CONVERSION = YES_AGGRESSIVE;
				CLANG_CXX_LANGUAGE_STANDARD = "gnu++20";
				CLANG_ENABLE_MODULES = YES;
				CLANG_ENABLE_OBJC_ARC = YES;
				CLANG_ENABLE_OBJC_WEAK = YES;
				CLANG_WARN_BLOCK_CAPTURE_AUTORELEASING = YES;
				CLANG_WARN_BOOL_CONVERSION = YES;
				CLANG_WARN_COMMA = YES;
				CLANG_WARN_CONSTANT_CONVERSION = YES;
				CLANG_WARN_DEPRECATED_OBJC_IMPLEMENTATIONS = YES;
				CLANG_WARN_DIRECT_OBJC_ISA_USAGE = YES_ERROR;
				CLANG_WARN_DOCUMENTATION_COMMENTS = YES;
				CLANG_WARN_EMPTY_BODY = YES;
				CLANG_WARN_ENUM_CONVERSION = YES;
				CLANG_WARN_INFINITE_RECURSION = YES;
				CLANG_WARN_INT_CONVERSION = YES;
				CLANG_WARN_NON_LITERAL_NULL_CONVERSION = YES;
				CLANG_WARN_OBJC_IMPLICIT_RETAIN_SELF = YES;
				CLANG_WARN_OBJC_LITERAL_CONVERSION = YES;
				CLANG_WARN_OBJC_ROOT_CLASS = YES_ERROR;
				CLANG_WARN_QUOTED_INCLUDE_IN_FRAMEWORK_HEADER = YES;
				CLANG_WARN_RANGE_LOOP_ANALYSIS = YES;
				CLANG_WARN_STRICT_PROTOTYPES = YES;
				CLANG_WARN_SUSPICIOUS_MOVE = YES;
				CLANG_WARN_UNGUARDED_AVAILABILITY = YES_AGGRESSIVE;
				CLANG_WARN_UNREACHABLE_CODE = YES;
				CLANG_WARN__DUPLICATE_METHOD_MATCH = YES;
				COPY_PHASE_STRIP = NO;
				DEBUG_INFORMATION_FORMAT = "dwarf-with-dsym";
				ENABLE_NS_ASSERTIONS = NO;
				ENABLE_STRICT_OBJC_MSGSEND = YES;
				ENABLE_USER_SCRIPT_SANDBOXING = YES;
				GCC_C_LANGUAGE_STANDARD = gnu17;
				GCC_NO_COMMON_BLOCKS = YES;
				GCC_WARN_64_TO_32_BIT_CONVERSION = YES;
				GCC_WARN_ABOUT_RETURN_TYPE = YES_ERROR;
				GCC_WARN_UNDECLARED_SELECTOR = YES;
				GCC_WARN_UNINITIALIZED_AUTOS = YES_AGGRESSIVE;
				GCC_WARN_UNUSED_FUNCTION = YES;
				GCC_WARN_UNUSED_VARIABLE = YES;
				IPHONEOS_DEPLOYMENT_TARGET = 17.0;
				LOCALIZATION_PREFERS_STRING_CATALOGS = YES;
				MTL_ENABLE_DEBUG_INFO = NO;
				MTL_FAST_MATH = YES;
				SDKROOT = iphoneos;
				SWIFT_COMPILATION_MODE = wholemodule;
				VALIDATE_PRODUCT = YES;
			};
			name = Release;
		};
		93B434B62D328ECE0087C3ED /* Debug */ = {
			isa = XCBuildConfiguration;
			buildSettings = {
				ASSETCATALOG_COMPILER_APPICON_NAME = AppIcon;
				ASSETCATALOG_COMPILER_GLOBAL_ACCENT_COLOR_NAME = AccentColor;
				CODE_SIGN_STYLE = Automatic;
				CURRENT_PROJECT_VERSION = 1;
				DEVELOPMENT_ASSET_PATHS = "\"Quack/Preview Content\"";
				DEVELOPMENT_TEAM = 834B9VMHHG;
				ENABLE_PREVIEWS = YES;
				GENERATE_INFOPLIST_FILE = YES;
				INFOPLIST_FILE = Quack/Info.plist;
				INFOPLIST_KEY_CFBundleDisplayName = "꽥";
				INFOPLIST_KEY_LSApplicationCategoryType = "public.app-category.food-and-drink";
				INFOPLIST_KEY_UIApplicationSceneManifest_Generation = YES;
				INFOPLIST_KEY_UIApplicationSupportsIndirectInputEvents = YES;
				INFOPLIST_KEY_UILaunchScreen_Generation = YES;
				INFOPLIST_KEY_UISupportedInterfaceOrientations = UIInterfaceOrientationPortrait;
				INFOPLIST_KEY_UISupportedInterfaceOrientations_iPad = "UIInterfaceOrientationLandscapeLeft UIInterfaceOrientationLandscapeRight UIInterfaceOrientationPortrait UIInterfaceOrientationPortraitUpsideDown";
				INFOPLIST_KEY_UIUserInterfaceStyle = Light;
				IPHONEOS_DEPLOYMENT_TARGET = 17.0;
				LD_RUNPATH_SEARCH_PATHS = (
					"$(inherited)",
					"@executable_path/Frameworks",
				);
				MARKETING_VERSION = 0.2;
				PRODUCT_BUNDLE_IDENTIFIER = Quack.Quack;
				PRODUCT_NAME = "$(TARGET_NAME)";
				SUPPORTED_PLATFORMS = "iphoneos iphonesimulator";
				SUPPORTS_MACCATALYST = NO;
				SUPPORTS_MAC_DESIGNED_FOR_IPHONE_IPAD = NO;
				SUPPORTS_XR_DESIGNED_FOR_IPHONE_IPAD = NO;
				SWIFT_EMIT_LOC_STRINGS = YES;
				SWIFT_VERSION = 5.0;
				TARGETED_DEVICE_FAMILY = 1;
			};
			name = Debug;
		};
		93B434B72D328ECE0087C3ED /* Release */ = {
			isa = XCBuildConfiguration;
			buildSettings = {
				ASSETCATALOG_COMPILER_APPICON_NAME = AppIcon;
				ASSETCATALOG_COMPILER_GLOBAL_ACCENT_COLOR_NAME = AccentColor;
				CODE_SIGN_STYLE = Automatic;
				CURRENT_PROJECT_VERSION = 1;
				DEVELOPMENT_ASSET_PATHS = "\"Quack/Preview Content\"";
				DEVELOPMENT_TEAM = 834B9VMHHG;
				ENABLE_PREVIEWS = YES;
				GENERATE_INFOPLIST_FILE = YES;
				INFOPLIST_FILE = Quack/Info.plist;
				INFOPLIST_KEY_CFBundleDisplayName = "꽥";
				INFOPLIST_KEY_LSApplicationCategoryType = "public.app-category.food-and-drink";
				INFOPLIST_KEY_UIApplicationSceneManifest_Generation = YES;
				INFOPLIST_KEY_UIApplicationSupportsIndirectInputEvents = YES;
				INFOPLIST_KEY_UILaunchScreen_Generation = YES;
				INFOPLIST_KEY_UISupportedInterfaceOrientations = UIInterfaceOrientationPortrait;
				INFOPLIST_KEY_UISupportedInterfaceOrientations_iPad = "UIInterfaceOrientationLandscapeLeft UIInterfaceOrientationLandscapeRight UIInterfaceOrientationPortrait UIInterfaceOrientationPortraitUpsideDown";
				INFOPLIST_KEY_UIUserInterfaceStyle = Light;
				IPHONEOS_DEPLOYMENT_TARGET = 17.0;
				LD_RUNPATH_SEARCH_PATHS = (
					"$(inherited)",
					"@executable_path/Frameworks",
				);
				MARKETING_VERSION = 0.2;
				PRODUCT_BUNDLE_IDENTIFIER = Quack.Quack;
				PRODUCT_NAME = "$(TARGET_NAME)";
				SUPPORTED_PLATFORMS = "iphoneos iphonesimulator";
				SUPPORTS_MACCATALYST = NO;
				SUPPORTS_MAC_DESIGNED_FOR_IPHONE_IPAD = NO;
				SUPPORTS_XR_DESIGNED_FOR_IPHONE_IPAD = NO;
				SWIFT_EMIT_LOC_STRINGS = YES;
				SWIFT_VERSION = 5.0;
				TARGETED_DEVICE_FAMILY = 1;
			};
			name = Release;
		};
		93B434B92D328ECE0087C3ED /* Debug */ = {
			isa = XCBuildConfiguration;
			buildSettings = {
				ALWAYS_EMBED_SWIFT_STANDARD_LIBRARIES = YES;
				BUNDLE_LOADER = "$(TEST_HOST)";
				CODE_SIGN_STYLE = Automatic;
				CURRENT_PROJECT_VERSION = 1;
				DEVELOPMENT_TEAM = 834B9VMHHG;
				GENERATE_INFOPLIST_FILE = YES;
				IPHONEOS_DEPLOYMENT_TARGET = 17.5;
				MARKETING_VERSION = 1.0;
				PRODUCT_BUNDLE_IDENTIFIER = Quack.QuackTests;
				PRODUCT_NAME = "$(TARGET_NAME)";
				SWIFT_EMIT_LOC_STRINGS = NO;
				SWIFT_VERSION = 5.0;
				TARGETED_DEVICE_FAMILY = "1,2";
				TEST_HOST = "$(BUILT_PRODUCTS_DIR)/Quack.app/$(BUNDLE_EXECUTABLE_FOLDER_PATH)/Quack";
			};
			name = Debug;
		};
		93B434BA2D328ECE0087C3ED /* Release */ = {
			isa = XCBuildConfiguration;
			buildSettings = {
				ALWAYS_EMBED_SWIFT_STANDARD_LIBRARIES = YES;
				BUNDLE_LOADER = "$(TEST_HOST)";
				CODE_SIGN_STYLE = Automatic;
				CURRENT_PROJECT_VERSION = 1;
				DEVELOPMENT_TEAM = 834B9VMHHG;
				GENERATE_INFOPLIST_FILE = YES;
				IPHONEOS_DEPLOYMENT_TARGET = 17.5;
				MARKETING_VERSION = 1.0;
				PRODUCT_BUNDLE_IDENTIFIER = Quack.QuackTests;
				PRODUCT_NAME = "$(TARGET_NAME)";
				SWIFT_EMIT_LOC_STRINGS = NO;
				SWIFT_VERSION = 5.0;
				TARGETED_DEVICE_FAMILY = "1,2";
				TEST_HOST = "$(BUILT_PRODUCTS_DIR)/Quack.app/$(BUNDLE_EXECUTABLE_FOLDER_PATH)/Quack";
			};
			name = Release;
		};
		93B434BC2D328ECE0087C3ED /* Debug */ = {
			isa = XCBuildConfiguration;
			buildSettings = {
				ALWAYS_EMBED_SWIFT_STANDARD_LIBRARIES = YES;
				CODE_SIGN_STYLE = Automatic;
				CURRENT_PROJECT_VERSION = 1;
				DEVELOPMENT_TEAM = 834B9VMHHG;
				GENERATE_INFOPLIST_FILE = YES;
				MARKETING_VERSION = 1.0;
				PRODUCT_BUNDLE_IDENTIFIER = Quack.QuackUITests;
				PRODUCT_NAME = "$(TARGET_NAME)";
				SWIFT_EMIT_LOC_STRINGS = NO;
				SWIFT_VERSION = 5.0;
				TARGETED_DEVICE_FAMILY = "1,2";
				TEST_TARGET_NAME = Quack;
			};
			name = Debug;
		};
		93B434BD2D328ECE0087C3ED /* Release */ = {
			isa = XCBuildConfiguration;
			buildSettings = {
				ALWAYS_EMBED_SWIFT_STANDARD_LIBRARIES = YES;
				CODE_SIGN_STYLE = Automatic;
				CURRENT_PROJECT_VERSION = 1;
				DEVELOPMENT_TEAM = 834B9VMHHG;
				GENERATE_INFOPLIST_FILE = YES;
				MARKETING_VERSION = 1.0;
				PRODUCT_BUNDLE_IDENTIFIER = Quack.QuackUITests;
				PRODUCT_NAME = "$(TARGET_NAME)";
				SWIFT_EMIT_LOC_STRINGS = NO;
				SWIFT_VERSION = 5.0;
				TARGETED_DEVICE_FAMILY = "1,2";
				TEST_TARGET_NAME = Quack;
			};
			name = Release;
		};
/* End XCBuildConfiguration section */

/* Begin XCConfigurationList section */
		93B4348A2D328ECC0087C3ED /* Build configuration list for PBXProject "Quack" */ = {
			isa = XCConfigurationList;
			buildConfigurations = (
				93B434B32D328ECE0087C3ED /* Debug */,
				93B434B42D328ECE0087C3ED /* Release */,
			);
			defaultConfigurationIsVisible = 0;
			defaultConfigurationName = Release;
		};
		93B434B52D328ECE0087C3ED /* Build configuration list for PBXNativeTarget "Quack" */ = {
			isa = XCConfigurationList;
			buildConfigurations = (
				93B434B62D328ECE0087C3ED /* Debug */,
				93B434B72D328ECE0087C3ED /* Release */,
			);
			defaultConfigurationIsVisible = 0;
			defaultConfigurationName = Release;
		};
		93B434B82D328ECE0087C3ED /* Build configuration list for PBXNativeTarget "QuackTests" */ = {
			isa = XCConfigurationList;
			buildConfigurations = (
				93B434B92D328ECE0087C3ED /* Debug */,
				93B434BA2D328ECE0087C3ED /* Release */,
			);
			defaultConfigurationIsVisible = 0;
			defaultConfigurationName = Release;
		};
		93B434BB2D328ECE0087C3ED /* Build configuration list for PBXNativeTarget "QuackUITests" */ = {
			isa = XCConfigurationList;
			buildConfigurations = (
				93B434BC2D328ECE0087C3ED /* Debug */,
				93B434BD2D328ECE0087C3ED /* Release */,
			);
			defaultConfigurationIsVisible = 0;
			defaultConfigurationName = Release;
		};
/* End XCConfigurationList section */

/* Begin XCRemoteSwiftPackageReference section */
		930DD0F02D4D1ECA00BFA015 /* XCRemoteSwiftPackageReference "kakao-ios-sdk" */ = {
			isa = XCRemoteSwiftPackageReference;
			repositoryURL = "https://github.com/kakao/kakao-ios-sdk";
			requirement = {
				kind = upToNextMajorVersion;
				minimumVersion = 2.23.0;
			};
		};
		9338F2622D59B197009B151B /* XCRemoteSwiftPackageReference "SPM-NMapsMap" */ = {
			isa = XCRemoteSwiftPackageReference;
			repositoryURL = "https://github.com/navermaps/SPM-NMapsMap";
			requirement = {
				kind = upToNextMajorVersion;
				minimumVersion = 3.20.0;
			};
		};
/* End XCRemoteSwiftPackageReference section */

/* Begin XCSwiftPackageProductDependency section */
		930DD0F12D4D1ECA00BFA015 /* KakaoSDK */ = {
			isa = XCSwiftPackageProductDependency;
			package = 930DD0F02D4D1ECA00BFA015 /* XCRemoteSwiftPackageReference "kakao-ios-sdk" */;
			productName = KakaoSDK;
		};
		9338F2632D59B197009B151B /* NMapsMap */ = {
			isa = XCSwiftPackageProductDependency;
			package = 9338F2622D59B197009B151B /* XCRemoteSwiftPackageReference "SPM-NMapsMap" */;
			productName = NMapsMap;
		};
/* End XCSwiftPackageProductDependency section */
	};
	rootObject = 93B434872D328ECC0087C3ED /* Project object */;
}
